// !$*UTF8*$!
{
	archiveVersion = 1;
	classes = {
	};
	objectVersion = 50;
	objects = {

/* Begin PBXBuildFile section */
		02808B1026DA1AC1006D1A56 /* AppDelegate.swift in Sources */ = {isa = PBXBuildFile; fileRef = 02808B0F26DA1AC1006D1A56 /* AppDelegate.swift */; };
		02808B1226DA1AC1006D1A56 /* SceneDelegate.swift in Sources */ = {isa = PBXBuildFile; fileRef = 02808B1126DA1AC1006D1A56 /* SceneDelegate.swift */; };
		02808B1426DA1AC1006D1A56 /* ProfileViewController.swift in Sources */ = {isa = PBXBuildFile; fileRef = 02808B1326DA1AC1006D1A56 /* ProfileViewController.swift */; };
		02808B1926DA1AC2006D1A56 /* Assets.xcassets in Resources */ = {isa = PBXBuildFile; fileRef = 02808B1826DA1AC2006D1A56 /* Assets.xcassets */; };
		02808B1C26DA1AC2006D1A56 /* LaunchScreen.storyboard in Resources */ = {isa = PBXBuildFile; fileRef = 02808B1A26DA1AC2006D1A56 /* LaunchScreen.storyboard */; };
		02808B2426DA203E006D1A56 /* NameCustomCell.swift in Sources */ = {isa = PBXBuildFile; fileRef = 02808B2326DA203E006D1A56 /* NameCustomCell.swift */; };
		02808B2626DA206A006D1A56 /* NetworkManager.swift in Sources */ = {isa = PBXBuildFile; fileRef = 02808B2526DA206A006D1A56 /* NetworkManager.swift */; };
		02808B2826DA217B006D1A56 /* Employee.swift in Sources */ = {isa = PBXBuildFile; fileRef = 02808B2726DA217B006D1A56 /* Employee.swift */; };
		02808B2A26DA2792006D1A56 /* MainViewController.swift in Sources */ = {isa = PBXBuildFile; fileRef = 02808B2926DA2792006D1A56 /* MainViewController.swift */; };
		02808B2C26DA27ED006D1A56 /* EmployeesCustomCell.swift in Sources */ = {isa = PBXBuildFile; fileRef = 02808B2B26DA27ED006D1A56 /* EmployeesCustomCell.swift */; };
		02808B2E26DA29CA006D1A56 /* EmployeeViewModel.swift in Sources */ = {isa = PBXBuildFile; fileRef = 02808B2D26DA29CA006D1A56 /* EmployeeViewModel.swift */; };
		02808B3626DA5A89006D1A56 /* NetworkingError.swift in Sources */ = {isa = PBXBuildFile; fileRef = 02808B3526DA5A89006D1A56 /* NetworkingError.swift */; };
/* End PBXBuildFile section */

/* Begin PBXFileReference section */
		02808B0C26DA1AC1006D1A56 /* Avito.app */ = {isa = PBXFileReference; explicitFileType = wrapper.application; includeInIndex = 0; path = Avito.app; sourceTree = BUILT_PRODUCTS_DIR; };
		02808B0F26DA1AC1006D1A56 /* AppDelegate.swift */ = {isa = PBXFileReference; lastKnownFileType = sourcecode.swift; path = AppDelegate.swift; sourceTree = "<group>"; };
		02808B1126DA1AC1006D1A56 /* SceneDelegate.swift */ = {isa = PBXFileReference; lastKnownFileType = sourcecode.swift; path = SceneDelegate.swift; sourceTree = "<group>"; };
		02808B1326DA1AC1006D1A56 /* ProfileViewController.swift */ = {isa = PBXFileReference; lastKnownFileType = sourcecode.swift; path = ProfileViewController.swift; sourceTree = "<group>"; };
		02808B1826DA1AC2006D1A56 /* Assets.xcassets */ = {isa = PBXFileReference; lastKnownFileType = folder.assetcatalog; path = Assets.xcassets; sourceTree = "<group>"; };
		02808B1B26DA1AC2006D1A56 /* Base */ = {isa = PBXFileReference; lastKnownFileType = file.storyboard; name = Base; path = Base.lproj/LaunchScreen.storyboard; sourceTree = "<group>"; };
		02808B1D26DA1AC2006D1A56 /* Info.plist */ = {isa = PBXFileReference; lastKnownFileType = text.plist.xml; path = Info.plist; sourceTree = "<group>"; };
		02808B2326DA203E006D1A56 /* NameCustomCell.swift */ = {isa = PBXFileReference; lastKnownFileType = sourcecode.swift; path = NameCustomCell.swift; sourceTree = "<group>"; };
		02808B2526DA206A006D1A56 /* NetworkManager.swift */ = {isa = PBXFileReference; lastKnownFileType = sourcecode.swift; path = NetworkManager.swift; sourceTree = "<group>"; };
		02808B2726DA217B006D1A56 /* Employee.swift */ = {isa = PBXFileReference; lastKnownFileType = sourcecode.swift; path = Employee.swift; sourceTree = "<group>"; };
		02808B2926DA2792006D1A56 /* MainViewController.swift */ = {isa = PBXFileReference; lastKnownFileType = sourcecode.swift; path = MainViewController.swift; sourceTree = "<group>"; };
		02808B2B26DA27ED006D1A56 /* EmployeesCustomCell.swift */ = {isa = PBXFileReference; lastKnownFileType = sourcecode.swift; path = EmployeesCustomCell.swift; sourceTree = "<group>"; };
		02808B2D26DA29CA006D1A56 /* EmployeeViewModel.swift */ = {isa = PBXFileReference; lastKnownFileType = sourcecode.swift; path = EmployeeViewModel.swift; sourceTree = "<group>"; };
		02808B3526DA5A89006D1A56 /* NetworkingError.swift */ = {isa = PBXFileReference; lastKnownFileType = sourcecode.swift; path = NetworkingError.swift; sourceTree = "<group>"; };
/* End PBXFileReference section */

/* Begin PBXFrameworksBuildPhase section */
		02808B0926DA1AC1006D1A56 /* Frameworks */ = {
			isa = PBXFrameworksBuildPhase;
			buildActionMask = 2147483647;
			files = (
			);
			runOnlyForDeploymentPostprocessing = 0;
		};
/* End PBXFrameworksBuildPhase section */

/* Begin PBXGroup section */
		02808B0326DA1AC1006D1A56 = {
			isa = PBXGroup;
			children = (
				02808B0E26DA1AC1006D1A56 /* Avito */,
				02808B0D26DA1AC1006D1A56 /* Products */,
			);
			sourceTree = "<group>";
		};
		02808B0D26DA1AC1006D1A56 /* Products */ = {
			isa = PBXGroup;
			children = (
				02808B0C26DA1AC1006D1A56 /* Avito.app */,
			);
			name = Products;
			sourceTree = "<group>";
		};
		02808B0E26DA1AC1006D1A56 /* Avito */ = {
			isa = PBXGroup;
			children = (
				02808B2F26DA2C8D006D1A56 /* Source */,
				02808B3426DA2CBF006D1A56 /* Networking */,
				02808B3026DA2CA3006D1A56 /* ViewControllers */,
				02808B3126DA2CAB006D1A56 /* ViewModels */,
				02808B3226DA2CB5006D1A56 /* Views */,
				02808B3326DA2CB9006D1A56 /* Models */,
				02808B1D26DA1AC2006D1A56 /* Info.plist */,
			);
			path = Avito;
			sourceTree = "<group>";
		};
		02808B2F26DA2C8D006D1A56 /* Source */ = {
			isa = PBXGroup;
			children = (
				02808B0F26DA1AC1006D1A56 /* AppDelegate.swift */,
				02808B1126DA1AC1006D1A56 /* SceneDelegate.swift */,
				02808B1826DA1AC2006D1A56 /* Assets.xcassets */,
			);
			path = Source;
			sourceTree = "<group>";
		};
		02808B3026DA2CA3006D1A56 /* ViewControllers */ = {
			isa = PBXGroup;
			children = (
				02808B2926DA2792006D1A56 /* MainViewController.swift */,
				02808B1326DA1AC1006D1A56 /* ProfileViewController.swift */,
			);
			path = ViewControllers;
			sourceTree = "<group>";
		};
		02808B3126DA2CAB006D1A56 /* ViewModels */ = {
			isa = PBXGroup;
			children = (
				02808B2D26DA29CA006D1A56 /* EmployeeViewModel.swift */,
			);
			path = ViewModels;
			sourceTree = "<group>";
		};
		02808B3226DA2CB5006D1A56 /* Views */ = {
			isa = PBXGroup;
			children = (
				02808B2B26DA27ED006D1A56 /* EmployeesCustomCell.swift */,
				02808B2326DA203E006D1A56 /* NameCustomCell.swift */,
				02808B1A26DA1AC2006D1A56 /* LaunchScreen.storyboard */,
			);
			path = Views;
			sourceTree = "<group>";
		};
		02808B3326DA2CB9006D1A56 /* Models */ = {
			isa = PBXGroup;
			children = (
				02808B2726DA217B006D1A56 /* Employee.swift */,
			);
			path = Models;
			sourceTree = "<group>";
		};
		02808B3426DA2CBF006D1A56 /* Networking */ = {
			isa = PBXGroup;
			children = (
				02808B2526DA206A006D1A56 /* NetworkManager.swift */,
				02808B3526DA5A89006D1A56 /* NetworkingError.swift */,
			);
			path = Networking;
			sourceTree = "<group>";
		};
/* End PBXGroup section */

/* Begin PBXNativeTarget section */
		02808B0B26DA1AC1006D1A56 /* Avito */ = {
			isa = PBXNativeTarget;
			buildConfigurationList = 02808B2026DA1AC2006D1A56 /* Build configuration list for PBXNativeTarget "Avito" */;
			buildPhases = (
				02808B0826DA1AC1006D1A56 /* Sources */,
				02808B0926DA1AC1006D1A56 /* Frameworks */,
				02808B0A26DA1AC1006D1A56 /* Resources */,
			);
			buildRules = (
			);
			dependencies = (
			);
			name = Avito;
			productName = Avito;
			productReference = 02808B0C26DA1AC1006D1A56 /* Avito.app */;
			productType = "com.apple.product-type.application";
		};
/* End PBXNativeTarget section */

/* Begin PBXProject section */
		02808B0426DA1AC1006D1A56 /* Project object */ = {
			isa = PBXProject;
			attributes = {
				LastSwiftUpdateCheck = 1250;
				LastUpgradeCheck = 1250;
				TargetAttributes = {
					02808B0B26DA1AC1006D1A56 = {
						CreatedOnToolsVersion = 12.5.1;
					};
				};
			};
			buildConfigurationList = 02808B0726DA1AC1006D1A56 /* Build configuration list for PBXProject "Avito" */;
			compatibilityVersion = "Xcode 9.3";
			developmentRegion = en;
			hasScannedForEncodings = 0;
			knownRegions = (
				en,
				Base,
			);
			mainGroup = 02808B0326DA1AC1006D1A56;
			productRefGroup = 02808B0D26DA1AC1006D1A56 /* Products */;
			projectDirPath = "";
			projectRoot = "";
			targets = (
				02808B0B26DA1AC1006D1A56 /* Avito */,
			);
		};
/* End PBXProject section */

/* Begin PBXResourcesBuildPhase section */
		02808B0A26DA1AC1006D1A56 /* Resources */ = {
			isa = PBXResourcesBuildPhase;
			buildActionMask = 2147483647;
			files = (
				02808B1C26DA1AC2006D1A56 /* LaunchScreen.storyboard in Resources */,
				02808B1926DA1AC2006D1A56 /* Assets.xcassets in Resources */,
			);
			runOnlyForDeploymentPostprocessing = 0;
		};
/* End PBXResourcesBuildPhase section */

/* Begin PBXSourcesBuildPhase section */
		02808B0826DA1AC1006D1A56 /* Sources */ = {
			isa = PBXSourcesBuildPhase;
			buildActionMask = 2147483647;
			files = (
				02808B2A26DA2792006D1A56 /* MainViewController.swift in Sources */,
				02808B1426DA1AC1006D1A56 /* ProfileViewController.swift in Sources */,
				02808B2C26DA27ED006D1A56 /* EmployeesCustomCell.swift in Sources */,
				02808B2826DA217B006D1A56 /* Employee.swift in Sources */,
				02808B3626DA5A89006D1A56 /* NetworkingError.swift in Sources */,
				02808B2E26DA29CA006D1A56 /* EmployeeViewModel.swift in Sources */,
				02808B1026DA1AC1006D1A56 /* AppDelegate.swift in Sources */,
				02808B2626DA206A006D1A56 /* NetworkManager.swift in Sources */,
				02808B1226DA1AC1006D1A56 /* SceneDelegate.swift in Sources */,
				02808B2426DA203E006D1A56 /* NameCustomCell.swift in Sources */,
			);
			runOnlyForDeploymentPostprocessing = 0;
		};
/* End PBXSourcesBuildPhase section */

/* Begin PBXVariantGroup section */
		02808B1A26DA1AC2006D1A56 /* LaunchScreen.storyboard */ = {
			isa = PBXVariantGroup;
			children = (
				02808B1B26DA1AC2006D1A56 /* Base */,
			);
			name = LaunchScreen.storyboard;
			sourceTree = "<group>";
		};
/* End PBXVariantGroup section */

/* Begin XCBuildConfiguration section */
		02808B1E26DA1AC2006D1A56 /* Debug */ = {
			isa = XCBuildConfiguration;
			buildSettings = {
				ALWAYS_SEARCH_USER_PATHS = NO;
				CLANG_ANALYZER_NONNULL = YES;
				CLANG_ANALYZER_NUMBER_OBJECT_CONVERSION = YES_AGGRESSIVE;
				CLANG_CXX_LANGUAGE_STANDARD = "gnu++14";
				CLANG_CXX_LIBRARY = "libc++";
				CLANG_ENABLE_MODULES = YES;
				CLANG_ENABLE_OBJC_ARC = YES;
				CLANG_ENABLE_OBJC_WEAK = YES;
				CLANG_WARN_BLOCK_CAPTURE_AUTORELEASING = YES;
				CLANG_WARN_BOOL_CONVERSION = YES;
				CLANG_WARN_COMMA = YES;
				CLANG_WARN_CONSTANT_CONVERSION = YES;
				CLANG_WARN_DEPRECATED_OBJC_IMPLEMENTATIONS = YES;
				CLANG_WARN_DIRECT_OBJC_ISA_USAGE = YES_ERROR;
				CLANG_WARN_DOCUMENTATION_COMMENTS = YES;
				CLANG_WARN_EMPTY_BODY = YES;
				CLANG_WARN_ENUM_CONVERSION = YES;
				CLANG_WARN_INFINITE_RECURSION = YES;
				CLANG_WARN_INT_CONVERSION = YES;
				CLANG_WARN_NON_LITERAL_NULL_CONVERSION = YES;
				CLANG_WARN_OBJC_IMPLICIT_RETAIN_SELF = YES;
				CLANG_WARN_OBJC_LITERAL_CONVERSION = YES;
				CLANG_WARN_OBJC_ROOT_CLASS = YES_ERROR;
				CLANG_WARN_QUOTED_INCLUDE_IN_FRAMEWORK_HEADER = YES;
				CLANG_WARN_RANGE_LOOP_ANALYSIS = YES;
				CLANG_WARN_STRICT_PROTOTYPES = YES;
				CLANG_WARN_SUSPICIOUS_MOVE = YES;
				CLANG_WARN_UNGUARDED_AVAILABILITY = YES_AGGRESSIVE;
				CLANG_WARN_UNREACHABLE_CODE = YES;
				CLANG_WARN__DUPLICATE_METHOD_MATCH = YES;
				COPY_PHASE_STRIP = NO;
				DEBUG_INFORMATION_FORMAT = dwarf;
				ENABLE_STRICT_OBJC_MSGSEND = YES;
				ENABLE_TESTABILITY = YES;
				GCC_C_LANGUAGE_STANDARD = gnu11;
				GCC_DYNAMIC_NO_PIC = NO;
				GCC_NO_COMMON_BLOCKS = YES;
				GCC_OPTIMIZATION_LEVEL = 0;
				GCC_PREPROCESSOR_DEFINITIONS = (
					"DEBUG=1",
					"$(inherited)",
				);
				GCC_WARN_64_TO_32_BIT_CONVERSION = YES;
				GCC_WARN_ABOUT_RETURN_TYPE = YES_ERROR;
				GCC_WARN_UNDECLARED_SELECTOR = YES;
				GCC_WARN_UNINITIALIZED_AUTOS = YES_AGGRESSIVE;
				GCC_WARN_UNUSED_FUNCTION = YES;
				GCC_WARN_UNUSED_VARIABLE = YES;
				IPHONEOS_DEPLOYMENT_TARGET = 14.5;
				MTL_ENABLE_DEBUG_INFO = INCLUDE_SOURCE;
				MTL_FAST_MATH = YES;
				ONLY_ACTIVE_ARCH = YES;
				SDKROOT = iphoneos;
				SWIFT_ACTIVE_COMPILATION_CONDITIONS = DEBUG;
				SWIFT_OPTIMIZATION_LEVEL = "-Onone";
			};
			name = Debug;
		};
		02808B1F26DA1AC2006D1A56 /* Release */ = {
			isa = XCBuildConfiguration;
			buildSettings = {
				ALWAYS_SEARCH_USER_PATHS = NO;
				CLANG_ANALYZER_NONNULL = YES;
				CLANG_ANALYZER_NUMBER_OBJECT_CONVERSION = YES_AGGRESSIVE;
				CLANG_CXX_LANGUAGE_STANDARD = "gnu++14";
				CLANG_CXX_LIBRARY = "libc++";
				CLANG_ENABLE_MODULES = YES;
				CLANG_ENABLE_OBJC_ARC = YES;
				CLANG_ENABLE_OBJC_WEAK = YES;
				CLANG_WARN_BLOCK_CAPTURE_AUTORELEASING = YES;
				CLANG_WARN_BOOL_CONVERSION = YES;
				CLANG_WARN_COMMA = YES;
				CLANG_WARN_CONSTANT_CONVERSION = YES;
				CLANG_WARN_DEPRECATED_OBJC_IMPLEMENTATIONS = YES;
				CLANG_WARN_DIRECT_OBJC_ISA_USAGE = YES_ERROR;
				CLANG_WARN_DOCUMENTATION_COMMENTS = YES;
				CLANG_WARN_EMPTY_BODY = YES;
				CLANG_WARN_ENUM_CONVERSION = YES;
				CLANG_WARN_INFINITE_RECURSION = YES;
				CLANG_WARN_INT_CONVERSION = YES;
				CLANG_WARN_NON_LITERAL_NULL_CONVERSION = YES;
				CLANG_WARN_OBJC_IMPLICIT_RETAIN_SELF = YES;
				CLANG_WARN_OBJC_LITERAL_CONVERSION = YES;
				CLANG_WARN_OBJC_ROOT_CLASS = YES_ERROR;
				CLANG_WARN_QUOTED_INCLUDE_IN_FRAMEWORK_HEADER = YES;
				CLANG_WARN_RANGE_LOOP_ANALYSIS = YES;
				CLANG_WARN_STRICT_PROTOTYPES = YES;
				CLANG_WARN_SUSPICIOUS_MOVE = YES;
				CLANG_WARN_UNGUARDED_AVAILABILITY = YES_AGGRESSIVE;
				CLANG_WARN_UNREACHABLE_CODE = YES;
				CLANG_WARN__DUPLICATE_METHOD_MATCH = YES;
				COPY_PHASE_STRIP = NO;
				DEBUG_INFORMATION_FORMAT = "dwarf-with-dsym";
				ENABLE_NS_ASSERTIONS = NO;
				ENABLE_STRICT_OBJC_MSGSEND = YES;
				GCC_C_LANGUAGE_STANDARD = gnu11;
				GCC_NO_COMMON_BLOCKS = YES;
				GCC_WARN_64_TO_32_BIT_CONVERSION = YES;
				GCC_WARN_ABOUT_RETURN_TYPE = YES_ERROR;
				GCC_WARN_UNDECLARED_SELECTOR = YES;
				GCC_WARN_UNINITIALIZED_AUTOS = YES_AGGRESSIVE;
				GCC_WARN_UNUSED_FUNCTION = YES;
				GCC_WARN_UNUSED_VARIABLE = YES;
				IPHONEOS_DEPLOYMENT_TARGET = 14.5;
				MTL_ENABLE_DEBUG_INFO = NO;
				MTL_FAST_MATH = YES;
				SDKROOT = iphoneos;
				SWIFT_COMPILATION_MODE = wholemodule;
				SWIFT_OPTIMIZATION_LEVEL = "-O";
				VALIDATE_PRODUCT = YES;
			};
			name = Release;
		};
		02808B2126DA1AC2006D1A56 /* Debug */ = {
			isa = XCBuildConfiguration;
			buildSettings = {
				ASSETCATALOG_COMPILER_APPICON_NAME = AppIcon;
				ASSETCATALOG_COMPILER_GLOBAL_ACCENT_COLOR_NAME = AccentColor;
				CODE_SIGN_STYLE = Automatic;
				DEVELOPMENT_TEAM = SAY4Y2DWXX;
				INFOPLIST_FILE = Avito/Info.plist;
				IPHONEOS_DEPLOYMENT_TARGET = 13.0;
				LD_RUNPATH_SEARCH_PATHS = (
					"$(inherited)",
					"@executable_path/Frameworks",
				);
				PRODUCT_BUNDLE_IDENTIFIER = com.tengizov.Avito;
				PRODUCT_NAME = "$(TARGET_NAME)";
				SWIFT_VERSION = 5.0;
				TARGETED_DEVICE_FAMILY = "1,2";
			};
			name = Debug;
		};
		02808B2226DA1AC2006D1A56 /* Release */ = {
			isa = XCBuildConfiguration;
			buildSettings = {
				ASSETCATALOG_COMPILER_APPICON_NAME = AppIcon;
				ASSETCATALOG_COMPILER_GLOBAL_ACCENT_COLOR_NAME = AccentColor;
				CODE_SIGN_STYLE = Automatic;
				DEVELOPMENT_TEAM = SAY4Y2DWXX;
				INFOPLIST_FILE = Avito/Info.plist;
				IPHONEOS_DEPLOYMENT_TARGET = 13.0;
				LD_RUNPATH_SEARCH_PATHS = (
					"$(inherited)",
					"@executable_path/Frameworks",
				);
				PRODUCT_BUNDLE_IDENTIFIER = com.tengizov.Avito;
				PRODUCT_NAME = "$(TARGET_NAME)";
				SWIFT_VERSION = 5.0;
				TARGETED_DEVICE_FAMILY = "1,2";
			};
			name = Release;
		};
/* End XCBuildConfiguration section */

/* Begin XCConfigurationList section */
		02808B0726DA1AC1006D1A56 /* Build configuration list for PBXProject "Avito" */ = {
			isa = XCConfigurationList;
			buildConfigurations = (
				02808B1E26DA1AC2006D1A56 /* Debug */,
				02808B1F26DA1AC2006D1A56 /* Release */,
			);
			defaultConfigurationIsVisible = 0;
			defaultConfigurationName = Release;
		};
		02808B2026DA1AC2006D1A56 /* Build configuration list for PBXNativeTarget "Avito" */ = {
			isa = XCConfigurationList;
			buildConfigurations = (
				02808B2126DA1AC2006D1A56 /* Debug */,
				02808B2226DA1AC2006D1A56 /* Release */,
			);
			defaultConfigurationIsVisible = 0;
			defaultConfigurationName = Release;
		};
/* End XCConfigurationList section */
	};
	rootObject = 02808B0426DA1AC1006D1A56 /* Project object */;
}
